// !$*UTF8*$!
{
	archiveVersion = 1;
	classes = {
	};
	objectVersion = 77;
	objects = {

/* Begin PBXContainerItemProxy section */
		25DCFF102E70AD330075CA43 /* PBXContainerItemProxy */ = {
			isa = PBXContainerItemProxy;
			containerPortal = 25DCFEFA2E70AD320075CA43 /* Project object */;
			proxyType = 1;
			remoteGlobalIDString = 25DCFF012E70AD320075CA43;
			remoteInfo = "even-g1-app";
		};
		25DCFF1A2E70AD330075CA43 /* PBXContainerItemProxy */ = {
			isa = PBXContainerItemProxy;
			containerPortal = 25DCFEFA2E70AD320075CA43 /* Project object */;
			proxyType = 1;
			remoteGlobalIDString = 25DCFF012E70AD320075CA43;
			remoteInfo = "even-g1-app";
		};
/* End PBXContainerItemProxy section */

/* Begin PBXFileReference section */
		25DCFF022E70AD320075CA43 /* even-g1-app.app */ = {isa = PBXFileReference; explicitFileType = wrapper.application; includeInIndex = 0; path = "even-g1-app.app"; sourceTree = BUILT_PRODUCTS_DIR; };
		25DCFF0F2E70AD330075CA43 /* even-g1-appTests.xctest */ = {isa = PBXFileReference; explicitFileType = wrapper.cfbundle; includeInIndex = 0; path = "even-g1-appTests.xctest"; sourceTree = BUILT_PRODUCTS_DIR; };
		25DCFF192E70AD330075CA43 /* even-g1-appUITests.xctest */ = {isa = PBXFileReference; explicitFileType = wrapper.cfbundle; includeInIndex = 0; path = "even-g1-appUITests.xctest"; sourceTree = BUILT_PRODUCTS_DIR; };
/* End PBXFileReference section */

/* Begin PBXFileSystemSynchronizedRootGroup section */
		25DCFF042E70AD320075CA43 /* even-g1-app */ = {
			isa = PBXFileSystemSynchronizedRootGroup;
			path = "even-g1-app";
			sourceTree = "<group>";
		};
		25DCFF122E70AD330075CA43 /* even-g1-appTests */ = {
			isa = PBXFileSystemSynchronizedRootGroup;
			path = "even-g1-appTests";
			sourceTree = "<group>";
		};
		25DCFF1C2E70AD330075CA43 /* even-g1-appUITests */ = {
			isa = PBXFileSystemSynchronizedRootGroup;
			path = "even-g1-appUITests";
			sourceTree = "<group>";
		};
/* End PBXFileSystemSynchronizedRootGroup section */

/* Begin PBXFrameworksBuildPhase section */
		25DCFEFF2E70AD320075CA43 /* Frameworks */ = {
			isa = PBXFrameworksBuildPhase;
			buildActionMask = 2147483647;
			files = (
			);
			runOnlyForDeploymentPostprocessing = 0;
		};
		25DCFF0C2E70AD330075CA43 /* Frameworks */ = {
			isa = PBXFrameworksBuildPhase;
			buildActionMask = 2147483647;
			files = (
			);
			runOnlyForDeploymentPostprocessing = 0;
		};
		25DCFF162E70AD330075CA43 /* Frameworks */ = {
			isa = PBXFrameworksBuildPhase;
			buildActionMask = 2147483647;
			files = (
			);
			runOnlyForDeploymentPostprocessing = 0;
		};
/* End PBXFrameworksBuildPhase section */

/* Begin PBXGroup section */
		25DCFEF92E70AD320075CA43 = {
			isa = PBXGroup;
			children = (
				25DCFF042E70AD320075CA43 /* even-g1-app */,
				25DCFF122E70AD330075CA43 /* even-g1-appTests */,
				25DCFF1C2E70AD330075CA43 /* even-g1-appUITests */,
				25DCFF032E70AD320075CA43 /* Products */,
			);
			sourceTree = "<group>";
		};
		25DCFF032E70AD320075CA43 /* Products */ = {
			isa = PBXGroup;
			children = (
				25DCFF022E70AD320075CA43 /* even-g1-app.app */,
				25DCFF0F2E70AD330075CA43 /* even-g1-appTests.xctest */,
				25DCFF192E70AD330075CA43 /* even-g1-appUITests.xctest */,
			);
			name = Products;
			sourceTree = "<group>";
		};
/* End PBXGroup section */

/* Begin PBXNativeTarget section */
		25DCFF012E70AD320075CA43 /* even-g1-app */ = {
			isa = PBXNativeTarget;
			buildConfigurationList = 25DCFF232E70AD330075CA43 /* Build configuration list for PBXNativeTarget "even-g1-app" */;
			buildPhases = (
				25DCFEFE2E70AD320075CA43 /* Sources */,
				25DCFEFF2E70AD320075CA43 /* Frameworks */,
				25DCFF002E70AD320075CA43 /* Resources */,
			);
			buildRules = (
			);
			dependencies = (
			);
			fileSystemSynchronizedGroups = (
				25DCFF042E70AD320075CA43 /* even-g1-app */,
			);
			name = "even-g1-app";
			packageProductDependencies = (
			);
			productName = "even-g1-app";
			productReference = 25DCFF022E70AD320075CA43 /* even-g1-app.app */;
			productType = "com.apple.product-type.application";
		};
		25DCFF0E2E70AD330075CA43 /* even-g1-appTests */ = {
			isa = PBXNativeTarget;
			buildConfigurationList = 25DCFF262E70AD330075CA43 /* Build configuration list for PBXNativeTarget "even-g1-appTests" */;
			buildPhases = (
				25DCFF0B2E70AD330075CA43 /* Sources */,
				25DCFF0C2E70AD330075CA43 /* Frameworks */,
				25DCFF0D2E70AD330075CA43 /* Resources */,
			);
			buildRules = (
			);
			dependencies = (
				25DCFF112E70AD330075CA43 /* PBXTargetDependency */,
			);
			fileSystemSynchronizedGroups = (
				25DCFF122E70AD330075CA43 /* even-g1-appTests */,
			);
			name = "even-g1-appTests";
			packageProductDependencies = (
			);
			productName = "even-g1-appTests";
			productReference = 25DCFF0F2E70AD330075CA43 /* even-g1-appTests.xctest */;
			productType = "com.apple.product-type.bundle.unit-test";
		};
		25DCFF182E70AD330075CA43 /* even-g1-appUITests */ = {
			isa = PBXNativeTarget;
			buildConfigurationList = 25DCFF292E70AD330075CA43 /* Build configuration list for PBXNativeTarget "even-g1-appUITests" */;
			buildPhases = (
				25DCFF152E70AD330075CA43 /* Sources */,
				25DCFF162E70AD330075CA43 /* Frameworks */,
				25DCFF172E70AD330075CA43 /* Resources */,
			);
			buildRules = (
			);
			dependencies = (
				25DCFF1B2E70AD330075CA43 /* PBXTargetDependency */,
			);
			fileSystemSynchronizedGroups = (
				25DCFF1C2E70AD330075CA43 /* even-g1-appUITests */,
			);
			name = "even-g1-appUITests";
			packageProductDependencies = (
			);
			productName = "even-g1-appUITests";
			productReference = 25DCFF192E70AD330075CA43 /* even-g1-appUITests.xctest */;
			productType = "com.apple.product-type.bundle.ui-testing";
		};
/* End PBXNativeTarget section */

/* Begin PBXProject section */
		25DCFEFA2E70AD320075CA43 /* Project object */ = {
			isa = PBXProject;
			attributes = {
				BuildIndependentTargetsInParallel = 1;
				LastSwiftUpdateCheck = 1640;
				LastUpgradeCheck = 1640;
				TargetAttributes = {
					25DCFF012E70AD320075CA43 = {
						CreatedOnToolsVersion = 16.4;
					};
					25DCFF0E2E70AD330075CA43 = {
						CreatedOnToolsVersion = 16.4;
						TestTargetID = 25DCFF012E70AD320075CA43;
					};
					25DCFF182E70AD330075CA43 = {
						CreatedOnToolsVersion = 16.4;
						TestTargetID = 25DCFF012E70AD320075CA43;
					};
				};
			};
			buildConfigurationList = 25DCFEFD2E70AD320075CA43 /* Build configuration list for PBXProject "even-g1-app" */;
			developmentRegion = en;
			hasScannedForEncodings = 0;
			knownRegions = (
				en,
				Base,
			);
			mainGroup = 25DCFEF92E70AD320075CA43;
			minimizedProjectReferenceProxies = 1;
			preferredProjectObjectVersion = 77;
			productRefGroup = 25DCFF032E70AD320075CA43 /* Products */;
			projectDirPath = "";
			projectRoot = "";
			targets = (
				25DCFF012E70AD320075CA43 /* even-g1-app */,
				25DCFF0E2E70AD330075CA43 /* even-g1-appTests */,
				25DCFF182E70AD330075CA43 /* even-g1-appUITests */,
			);
		};
/* End PBXProject section */

/* Begin PBXResourcesBuildPhase section */
		25DCFF002E70AD320075CA43 /* Resources */ = {
			isa = PBXResourcesBuildPhase;
			buildActionMask = 2147483647;
			files = (
			);
			runOnlyForDeploymentPostprocessing = 0;
		};
		25DCFF0D2E70AD330075CA43 /* Resources */ = {
			isa = PBXResourcesBuildPhase;
			buildActionMask = 2147483647;
			files = (
			);
			runOnlyForDeploymentPostprocessing = 0;
		};
		25DCFF172E70AD330075CA43 /* Resources */ = {
			isa = PBXResourcesBuildPhase;
			buildActionMask = 2147483647;
			files = (
			);
			runOnlyForDeploymentPostprocessing = 0;
		};
/* End PBXResourcesBuildPhase section */

/* Begin PBXSourcesBuildPhase section */
		25DCFEFE2E70AD320075CA43 /* Sources */ = {
			isa = PBXSourcesBuildPhase;
			buildActionMask = 2147483647;
			files = (
			);
			runOnlyForDeploymentPostprocessing = 0;
		};
		25DCFF0B2E70AD330075CA43 /* Sources */ = {
			isa = PBXSourcesBuildPhase;
			buildActionMask = 2147483647;
			files = (
			);
			runOnlyForDeploymentPostprocessing = 0;
		};
		25DCFF152E70AD330075CA43 /* Sources */ = {
			isa = PBXSourcesBuildPhase;
			buildActionMask = 2147483647;
			files = (
			);
			runOnlyForDeploymentPostprocessing = 0;
		};
/* End PBXSourcesBuildPhase section */

/* Begin PBXTargetDependency section */
		25DCFF112E70AD330075CA43 /* PBXTargetDependency */ = {
			isa = PBXTargetDependency;
			target = 25DCFF012E70AD320075CA43 /* even-g1-app */;
			targetProxy = 25DCFF102E70AD330075CA43 /* PBXContainerItemProxy */;
		};
		25DCFF1B2E70AD330075CA43 /* PBXTargetDependency */ = {
			isa = PBXTargetDependency;
			target = 25DCFF012E70AD320075CA43 /* even-g1-app */;
			targetProxy = 25DCFF1A2E70AD330075CA43 /* PBXContainerItemProxy */;
		};
/* End PBXTargetDependency section */

/* Begin XCBuildConfiguration section */
		25DCFF212E70AD330075CA43 /* Debug */ = {
			isa = XCBuildConfiguration;
			buildSettings = {
				ALWAYS_SEARCH_USER_PATHS = NO;
				ASSETCATALOG_COMPILER_GENERATE_SWIFT_ASSET_SYMBOL_EXTENSIONS = YES;
				CLANG_ANALYZER_NONNULL = YES;
				CLANG_ANALYZER_NUMBER_OBJECT_CONVERSION = YES_AGGRESSIVE;
				CLANG_CXX_LANGUAGE_STANDARD = "gnu++20";
				CLANG_ENABLE_MODULES = YES;
				CLANG_ENABLE_OBJC_ARC = YES;
				CLANG_ENABLE_OBJC_WEAK = YES;
				CLANG_WARN_BLOCK_CAPTURE_AUTORELEASING = YES;
				CLANG_WARN_BOOL_CONVERSION = YES;
				CLANG_WARN_COMMA = YES;
				CLANG_WARN_CONSTANT_CONVERSION = YES;
				CLANG_WARN_DEPRECATED_OBJC_IMPLEMENTATIONS = YES;
				CLANG_WARN_DIRECT_OBJC_ISA_USAGE = YES_ERROR;
				CLANG_WARN_DOCUMENTATION_COMMENTS = YES;
				CLANG_WARN_EMPTY_BODY = YES;
				CLANG_WARN_ENUM_CONVERSION = YES;
				CLANG_WARN_INFINITE_RECURSION = YES;
				CLANG_WARN_INT_CONVERSION = YES;
				CLANG_WARN_NON_LITERAL_NULL_CONVERSION = YES;
				CLANG_WARN_OBJC_IMPLICIT_RETAIN_SELF = YES;
				CLANG_WARN_OBJC_LITERAL_CONVERSION = YES;
				CLANG_WARN_OBJC_ROOT_CLASS = YES_ERROR;
				CLANG_WARN_QUOTED_INCLUDE_IN_FRAMEWORK_HEADER = YES;
				CLANG_WARN_RANGE_LOOP_ANALYSIS = YES;
				CLANG_WARN_STRICT_PROTOTYPES = YES;
				CLANG_WARN_SUSPICIOUS_MOVE = YES;
				CLANG_WARN_UNGUARDED_AVAILABILITY = YES_AGGRESSIVE;
				CLANG_WARN_UNREACHABLE_CODE = YES;
				CLANG_WARN__DUPLICATE_METHOD_MATCH = YES;
				COPY_PHASE_STRIP = NO;
				DEBUG_INFORMATION_FORMAT = dwarf;
				DEVELOPMENT_TEAM = V3Y48LZJ3U;
				ENABLE_STRICT_OBJC_MSGSEND = YES;
				ENABLE_TESTABILITY = YES;
				ENABLE_USER_SCRIPT_SANDBOXING = YES;
				GCC_C_LANGUAGE_STANDARD = gnu17;
				GCC_DYNAMIC_NO_PIC = NO;
				GCC_NO_COMMON_BLOCKS = YES;
				GCC_OPTIMIZATION_LEVEL = 0;
				GCC_PREPROCESSOR_DEFINITIONS = (
					"DEBUG=1",
					"$(inherited)",
				);
				GCC_WARN_64_TO_32_BIT_CONVERSION = YES;
				GCC_WARN_ABOUT_RETURN_TYPE = YES_ERROR;
				GCC_WARN_UNDECLARED_SELECTOR = YES;
				GCC_WARN_UNINITIALIZED_AUTOS = YES_AGGRESSIVE;
				GCC_WARN_UNUSED_FUNCTION = YES;
				GCC_WARN_UNUSED_VARIABLE = YES;
				IPHONEOS_DEPLOYMENT_TARGET = 18.5;
				LOCALIZATION_PREFERS_STRING_CATALOGS = YES;
				MTL_ENABLE_DEBUG_INFO = INCLUDE_SOURCE;
				MTL_FAST_MATH = YES;
				ONLY_ACTIVE_ARCH = YES;
				SDKROOT = iphoneos;
				SWIFT_ACTIVE_COMPILATION_CONDITIONS = "DEBUG $(inherited)";
				SWIFT_OPTIMIZATION_LEVEL = "-Onone";
			};
			name = Debug;
		};
		25DCFF222E70AD330075CA43 /* Release */ = {
			isa = XCBuildConfiguration;
			buildSettings = {
				ALWAYS_SEARCH_USER_PATHS = NO;
				ASSETCATALOG_COMPILER_GENERATE_SWIFT_ASSET_SYMBOL_EXTENSIONS = YES;
				CLANG_ANALYZER_NONNULL = YES;
				CLANG_ANALYZER_NUMBER_OBJECT_CONVERSION = YES_AGGRESSIVE;
				CLANG_CXX_LANGUAGE_STANDARD = "gnu++20";
				CLANG_ENABLE_MODULES = YES;
				CLANG_ENABLE_OBJC_ARC = YES;
				CLANG_ENABLE_OBJC_WEAK = YES;
				CLANG_WARN_BLOCK_CAPTURE_AUTORELEASING = YES;
				CLANG_WARN_BOOL_CONVERSION = YES;
				CLANG_WARN_COMMA = YES;
				CLANG_WARN_CONSTANT_CONVERSION = YES;
				CLANG_WARN_DEPRECATED_OBJC_IMPLEMENTATIONS = YES;
				CLANG_WARN_DIRECT_OBJC_ISA_USAGE = YES_ERROR;
				CLANG_WARN_DOCUMENTATION_COMMENTS = YES;
				CLANG_WARN_EMPTY_BODY = YES;
				CLANG_WARN_ENUM_CONVERSION = YES;
				CLANG_WARN_INFINITE_RECURSION = YES;
				CLANG_WARN_INT_CONVERSION = YES;
				CLANG_WARN_NON_LITERAL_NULL_CONVERSION = YES;
				CLANG_WARN_OBJC_IMPLICIT_RETAIN_SELF = YES;
				CLANG_WARN_OBJC_LITERAL_CONVERSION = YES;
				CLANG_WARN_OBJC_ROOT_CLASS = YES_ERROR;
				CLANG_WARN_QUOTED_INCLUDE_IN_FRAMEWORK_HEADER = YES;
				CLANG_WARN_RANGE_LOOP_ANALYSIS = YES;
				CLANG_WARN_STRICT_PROTOTYPES = YES;
				CLANG_WARN_SUSPICIOUS_MOVE = YES;
				CLANG_WARN_UNGUARDED_AVAILABILITY = YES_AGGRESSIVE;
				CLANG_WARN_UNREACHABLE_CODE = YES;
				CLANG_WARN__DUPLICATE_METHOD_MATCH = YES;
				COPY_PHASE_STRIP = NO;
				DEBUG_INFORMATION_FORMAT = "dwarf-with-dsym";
				DEVELOPMENT_TEAM = V3Y48LZJ3U;
				ENABLE_NS_ASSERTIONS = NO;
				ENABLE_STRICT_OBJC_MSGSEND = YES;
				ENABLE_USER_SCRIPT_SANDBOXING = YES;
				GCC_C_LANGUAGE_STANDARD = gnu17;
				GCC_NO_COMMON_BLOCKS = YES;
				GCC_WARN_64_TO_32_BIT_CONVERSION = YES;
				GCC_WARN_ABOUT_RETURN_TYPE = YES_ERROR;
				GCC_WARN_UNDECLARED_SELECTOR = YES;
				GCC_WARN_UNINITIALIZED_AUTOS = YES_AGGRESSIVE;
				GCC_WARN_UNUSED_FUNCTION = YES;
				GCC_WARN_UNUSED_VARIABLE = YES;
				IPHONEOS_DEPLOYMENT_TARGET = 18.5;
				LOCALIZATION_PREFERS_STRING_CATALOGS = YES;
				MTL_ENABLE_DEBUG_INFO = NO;
				MTL_FAST_MATH = YES;
				SDKROOT = iphoneos;
				SWIFT_COMPILATION_MODE = wholemodule;
				VALIDATE_PRODUCT = YES;
			};
			name = Release;
		};
		25DCFF242E70AD330075CA43 /* Debug */ = {
			isa = XCBuildConfiguration;
			buildSettings = {
				ASSETCATALOG_COMPILER_APPICON_NAME = AppIcon;
				ASSETCATALOG_COMPILER_GLOBAL_ACCENT_COLOR_NAME = AccentColor;
				CODE_SIGN_STYLE = Automatic;
				CURRENT_PROJECT_VERSION = 1;
				DEVELOPMENT_TEAM = V3Y48LZJ3U;
				ENABLE_PREVIEWS = YES;
				GENERATE_INFOPLIST_FILE = YES;
				INFOPLIST_KEY_UIApplicationSceneManifest_Generation = YES;
				INFOPLIST_KEY_UIApplicationSupportsIndirectInputEvents = YES;
				INFOPLIST_KEY_UILaunchScreen_Generation = YES;
				INFOPLIST_KEY_UISupportedInterfaceOrientations_iPad = "UIInterfaceOrientationPortrait UIInterfaceOrientationPortraitUpsideDown UIInterfaceOrientationLandscapeLeft UIInterfaceOrientationLandscapeRight";
				INFOPLIST_KEY_UISupportedInterfaceOrientations_iPhone = "UIInterfaceOrientationPortrait UIInterfaceOrientationLandscapeLeft UIInterfaceOrientationLandscapeRight";
				LD_RUNPATH_SEARCH_PATHS = (
					"$(inherited)",
					"@executable_path/Frameworks",
				);
				MARKETING_VERSION = 1.0;
				PRODUCT_BUNDLE_IDENTIFIER = "chillzone.xyz.even-g1-app";
				PRODUCT_NAME = "$(TARGET_NAME)";
				SWIFT_EMIT_LOC_STRINGS = YES;
				SWIFT_VERSION = 5.0;
				TARGETED_DEVICE_FAMILY = "1,2";
			};
			name = Debug;
		};
		25DCFF252E70AD330075CA43 /* Release */ = {
			isa = XCBuildConfiguration;
			buildSettings = {
				ASSETCATALOG_COMPILER_APPICON_NAME = AppIcon;
				ASSETCATALOG_COMPILER_GLOBAL_ACCENT_COLOR_NAME = AccentColor;
				CODE_SIGN_STYLE = Automatic;
				CURRENT_PROJECT_VERSION = 1;
				DEVELOPMENT_TEAM = V3Y48LZJ3U;
				ENABLE_PREVIEWS = YES;
				GENERATE_INFOPLIST_FILE = YES;
				INFOPLIST_KEY_UIApplicationSceneManifest_Generation = YES;
				INFOPLIST_KEY_UIApplicationSupportsIndirectInputEvents = YES;
				INFOPLIST_KEY_UILaunchScreen_Generation = YES;
				INFOPLIST_KEY_UISupportedInterfaceOrientations_iPad = "UIInterfaceOrientationPortrait UIInterfaceOrientationPortraitUpsideDown UIInterfaceOrientationLandscapeLeft UIInterfaceOrientationLandscapeRight";
				INFOPLIST_KEY_UISupportedInterfaceOrientations_iPhone = "UIInterfaceOrientationPortrait UIInterfaceOrientationLandscapeLeft UIInterfaceOrientationLandscapeRight";
				LD_RUNPATH_SEARCH_PATHS = (
					"$(inherited)",
					"@executable_path/Frameworks",
				);
				MARKETING_VERSION = 1.0;
				PRODUCT_BUNDLE_IDENTIFIER = "chillzone.xyz.even-g1-app";
				PRODUCT_NAME = "$(TARGET_NAME)";
				SWIFT_EMIT_LOC_STRINGS = YES;
				SWIFT_VERSION = 5.0;
				TARGETED_DEVICE_FAMILY = "1,2";
			};
			name = Release;
		};
		25DCFF272E70AD330075CA43 /* Debug */ = {
			isa = XCBuildConfiguration;
			buildSettings = {
				BUNDLE_LOADER = "$(TEST_HOST)";
				CODE_SIGN_STYLE = Automatic;
				CURRENT_PROJECT_VERSION = 1;
				DEVELOPMENT_TEAM = V3Y48LZJ3U;
				GENERATE_INFOPLIST_FILE = YES;
				IPHONEOS_DEPLOYMENT_TARGET = 18.5;
				MARKETING_VERSION = 1.0;
				PRODUCT_BUNDLE_IDENTIFIER = "chillzone.xyz.even-g1-appTests";
				PRODUCT_NAME = "$(TARGET_NAME)";
				SWIFT_EMIT_LOC_STRINGS = NO;
				SWIFT_VERSION = 5.0;
				TARGETED_DEVICE_FAMILY = "1,2";
				TEST_HOST = "$(BUILT_PRODUCTS_DIR)/even-g1-app.app/$(BUNDLE_EXECUTABLE_FOLDER_PATH)/even-g1-app";
			};
			name = Debug;
		};
		25DCFF282E70AD330075CA43 /* Release */ = {
			isa = XCBuildConfiguration;
			buildSettings = {
				BUNDLE_LOADER = "$(TEST_HOST)";
				CODE_SIGN_STYLE = Automatic;
				CURRENT_PROJECT_VERSION = 1;
				DEVELOPMENT_TEAM = V3Y48LZJ3U;
				GENERATE_INFOPLIST_FILE = YES;
				IPHONEOS_DEPLOYMENT_TARGET = 18.5;
				MARKETING_VERSION = 1.0;
				PRODUCT_BUNDLE_IDENTIFIER = "chillzone.xyz.even-g1-appTests";
				PRODUCT_NAME = "$(TARGET_NAME)";
				SWIFT_EMIT_LOC_STRINGS = NO;
				SWIFT_VERSION = 5.0;
				TARGETED_DEVICE_FAMILY = "1,2";
				TEST_HOST = "$(BUILT_PRODUCTS_DIR)/even-g1-app.app/$(BUNDLE_EXECUTABLE_FOLDER_PATH)/even-g1-app";
			};
			name = Release;
		};
		25DCFF2A2E70AD330075CA43 /* Debug */ = {
			isa = XCBuildConfiguration;
			buildSettings = {
				CODE_SIGN_STYLE = Automatic;
				CURRENT_PROJECT_VERSION = 1;
				DEVELOPMENT_TEAM = V3Y48LZJ3U;
				GENERATE_INFOPLIST_FILE = YES;
				MARKETING_VERSION = 1.0;
				PRODUCT_BUNDLE_IDENTIFIER = "chillzone.xyz.even-g1-appUITests";
				PRODUCT_NAME = "$(TARGET_NAME)";
				SWIFT_EMIT_LOC_STRINGS = NO;
				SWIFT_VERSION = 5.0;
				TARGETED_DEVICE_FAMILY = "1,2";
				TEST_TARGET_NAME = "even-g1-app";
			};
			name = Debug;
		};
		25DCFF2B2E70AD330075CA43 /* Release */ = {
			isa = XCBuildConfiguration;
			buildSettings = {
				CODE_SIGN_STYLE = Automatic;
				CURRENT_PROJECT_VERSION = 1;
				DEVELOPMENT_TEAM = V3Y48LZJ3U;
				GENERATE_INFOPLIST_FILE = YES;
				MARKETING_VERSION = 1.0;
				PRODUCT_BUNDLE_IDENTIFIER = "chillzone.xyz.even-g1-appUITests";
				PRODUCT_NAME = "$(TARGET_NAME)";
				SWIFT_EMIT_LOC_STRINGS = NO;
				SWIFT_VERSION = 5.0;
				TARGETED_DEVICE_FAMILY = "1,2";
				TEST_TARGET_NAME = "even-g1-app";
			};
			name = Release;
		};
/* End XCBuildConfiguration section */

/* Begin XCConfigurationList section */
		25DCFEFD2E70AD320075CA43 /* Build configuration list for PBXProject "even-g1-app" */ = {
			isa = XCConfigurationList;
			buildConfigurations = (
				25DCFF212E70AD330075CA43 /* Debug */,
				25DCFF222E70AD330075CA43 /* Release */,
			);
			defaultConfigurationIsVisible = 0;
			defaultConfigurationName = Release;
		};
		25DCFF232E70AD330075CA43 /* Build configuration list for PBXNativeTarget "even-g1-app" */ = {
			isa = XCConfigurationList;
			buildConfigurations = (
				25DCFF242E70AD330075CA43 /* Debug */,
				25DCFF252E70AD330075CA43 /* Release */,
			);
			defaultConfigurationIsVisible = 0;
			defaultConfigurationName = Release;
		};
		25DCFF262E70AD330075CA43 /* Build configuration list for PBXNativeTarget "even-g1-appTests" */ = {
			isa = XCConfigurationList;
			buildConfigurations = (
				25DCFF272E70AD330075CA43 /* Debug */,
				25DCFF282E70AD330075CA43 /* Release */,
			);
			defaultConfigurationIsVisible = 0;
			defaultConfigurationName = Release;
		};
		25DCFF292E70AD330075CA43 /* Build configuration list for PBXNativeTarget "even-g1-appUITests" */ = {
			isa = XCConfigurationList;
			buildConfigurations = (
				25DCFF2A2E70AD330075CA43 /* Debug */,
				25DCFF2B2E70AD330075CA43 /* Release */,
			);
			defaultConfigurationIsVisible = 0;
			defaultConfigurationName = Release;
		};
/* End XCConfigurationList section */
	};
	rootObject = 25DCFEFA2E70AD320075CA43 /* Project object */;
}
